
Microsoft Visual Studio Solution File, Format Version 12.00
# Visual Studio Version 16
VisualStudioVersion = 16.0.31402.337
MinimumVisualStudioVersion = 10.0.40219.1
Project("{FAE04EC0-301F-11D3-BF4B-00C04F79EFBC}") = "BTC.API", "BTC.API\BTC.API.csproj", "{401E63D1-CC2D-43A4-ABEA-B3B7B9CB2530}"
EndProject
Project("{FAE04EC0-301F-11D3-BF4B-00C04F79EFBC}") = "BTC.Services", "BTC.Services\BTC.Services.csproj", "{8CFD549C-FB38-467E-9CC3-3B567C016703}"
EndProject
Project("{FAE04EC0-301F-11D3-BF4B-00C04F79EFBC}") = "ConsoleApp1", "ConsoleApp1\ConsoleApp1.csproj", "{2442AABB-1EAD-41C3-AD6E-B9F2228D35C1}"
EndProject
Global
	GlobalSection(SolutionConfigurationPlatforms) = preSolution
		Debug|Any CPU = Debug|Any CPU
		Release|Any CPU = Release|Any CPU
	EndGlobalSection
	GlobalSection(ProjectConfigurationPlatforms) = postSolution
		{401E63D1-CC2D-43A4-ABEA-B3B7B9CB2530}.Debug|Any CPU.ActiveCfg = Debug|Any CPU
		{401E63D1-CC2D-43A4-ABEA-B3B7B9CB2530}.Debug|Any CPU.Build.0 = Debug|Any CPU
		{401E63D1-CC2D-43A4-ABEA-B3B7B9CB2530}.Release|Any CPU.ActiveCfg = Release|Any CPU
		{401E63D1-CC2D-43A4-ABEA-B3B7B9CB2530}.Release|Any CPU.Build.0 = Release|Any CPU
		{8CFD549C-FB38-467E-9CC3-3B567C016703}.Debug|Any CPU.ActiveCfg = Debug|Any CPU
		{8CFD549C-FB38-467E-9CC3-3B567C016703}.Debug|Any CPU.Build.0 = Debug|Any CPU
		{8CFD549C-FB38-467E-9CC3-3B567C016703}.Release|Any CPU.ActiveCfg = Release|Any CPU
		{8CFD549C-FB38-467E-9CC3-3B567C016703}.Release|Any CPU.Build.0 = Release|Any CPU
		{2442AABB-1EAD-41C3-AD6E-B9F2228D35C1}.Debug|Any CPU.ActiveCfg = Debug|Any CPU
		{2442AABB-1EAD-41C3-AD6E-B9F2228D35C1}.Debug|Any CPU.Build.0 = Debug|Any CPU
		{2442AABB-1EAD-41C3-AD6E-B9F2228D35C1}.Release|Any CPU.ActiveCfg = Release|Any CPU
		{2442AABB-1EAD-41C3-AD6E-B9F2228D35C1}.Release|Any CPU.Build.0 = Release|Any CPU
	EndGlobalSection
	GlobalSection(SolutionProperties) = preSolution
		HideSolutionNode = FALSE
	EndGlobalSection
	GlobalSection(ExtensibilityGlobals) = postSolution
		SolutionGuid = {BBFAB6D2-3CCA-40D1-92DC-C87BA277C682}
	EndGlobalSection
EndGlobal
